// !$*UTF8*$!
{
	archiveVersion = 1;
	classes = {
	};
	objectVersion = 51;
	objects = {

/* Begin PBXBuildFile section */
		7046D37E22E7176300A4B0ED /* AppDelegate.swift in Sources */ = {isa = PBXBuildFile; fileRef = 7046D37D22E7176300A4B0ED /* AppDelegate.swift */; };
		7046D38322E7176300A4B0ED /* Main.storyboard in Resources */ = {isa = PBXBuildFile; fileRef = 7046D38122E7176300A4B0ED /* Main.storyboard */; };
		7046D38522E7176500A4B0ED /* Assets.xcassets in Resources */ = {isa = PBXBuildFile; fileRef = 7046D38422E7176500A4B0ED /* Assets.xcassets */; };
		7046D38822E7176500A4B0ED /* LaunchScreen.storyboard in Resources */ = {isa = PBXBuildFile; fileRef = 7046D38622E7176500A4B0ED /* LaunchScreen.storyboard */; };
		7046D38F22E71B2A00A4B0ED /* ToDoListViewController.swift in Sources */ = {isa = PBXBuildFile; fileRef = 7046D37F22E7176300A4B0ED /* ToDoListViewController.swift */; };
		7046D3BB22EB3DD000A4B0ED /* CategoryViewController.swift in Sources */ = {isa = PBXBuildFile; fileRef = 7046D3BA22EB3DD000A4B0ED /* CategoryViewController.swift */; };
		707BC14E22F05EAB00FA87FD /* item.swift in Sources */ = {isa = PBXBuildFile; fileRef = 707BC14D22F05EAA00FA87FD /* item.swift */; };
		707BC15022F05EBA00FA87FD /* category.swift in Sources */ = {isa = PBXBuildFile; fileRef = 707BC14F22F05EBA00FA87FD /* category.swift */; };
		B61317CA81CC2140D3D21D15 /* Pods_ToDoList.framework in Frameworks */ = {isa = PBXBuildFile; fileRef = B542482439E6CB7DBEF09373 /* Pods_ToDoList.framework */; };
/* End PBXBuildFile section */

/* Begin PBXFileReference section */
		52891EB53A27992C1D97B594 /* Pods-ToDoList.release.xcconfig */ = {isa = PBXFileReference; includeInIndex = 1; lastKnownFileType = text.xcconfig; name = "Pods-ToDoList.release.xcconfig"; path = "Target Support Files/Pods-ToDoList/Pods-ToDoList.release.xcconfig"; sourceTree = "<group>"; };
		7046D37A22E7176300A4B0ED /* ToDoList.app */ = {isa = PBXFileReference; explicitFileType = wrapper.application; includeInIndex = 0; path = ToDoList.app; sourceTree = BUILT_PRODUCTS_DIR; };
		7046D37D22E7176300A4B0ED /* AppDelegate.swift */ = {isa = PBXFileReference; lastKnownFileType = sourcecode.swift; path = AppDelegate.swift; sourceTree = "<group>"; };
		7046D37F22E7176300A4B0ED /* ToDoListViewController.swift */ = {isa = PBXFileReference; lastKnownFileType = sourcecode.swift; path = ToDoListViewController.swift; sourceTree = "<group>"; };
		7046D38222E7176300A4B0ED /* Base */ = {isa = PBXFileReference; lastKnownFileType = file.storyboard; name = Base; path = Base.lproj/Main.storyboard; sourceTree = "<group>"; };
		7046D38422E7176500A4B0ED /* Assets.xcassets */ = {isa = PBXFileReference; lastKnownFileType = folder.assetcatalog; path = Assets.xcassets; sourceTree = "<group>"; };
		7046D38722E7176500A4B0ED /* Base */ = {isa = PBXFileReference; lastKnownFileType = file.storyboard; name = Base; path = Base.lproj/LaunchScreen.storyboard; sourceTree = "<group>"; };
		7046D38922E7176500A4B0ED /* Info.plist */ = {isa = PBXFileReference; lastKnownFileType = text.plist.xml; path = Info.plist; sourceTree = "<group>"; };
		7046D3BA22EB3DD000A4B0ED /* CategoryViewController.swift */ = {isa = PBXFileReference; lastKnownFileType = sourcecode.swift; path = CategoryViewController.swift; sourceTree = "<group>"; };
		707BC14D22F05EAA00FA87FD /* item.swift */ = {isa = PBXFileReference; lastKnownFileType = sourcecode.swift; path = item.swift; sourceTree = "<group>"; };
		707BC14F22F05EBA00FA87FD /* category.swift */ = {isa = PBXFileReference; lastKnownFileType = sourcecode.swift; path = category.swift; sourceTree = "<group>"; };
		B542482439E6CB7DBEF09373 /* Pods_ToDoList.framework */ = {isa = PBXFileReference; explicitFileType = wrapper.framework; includeInIndex = 0; path = Pods_ToDoList.framework; sourceTree = BUILT_PRODUCTS_DIR; };
		E4B1D5497664890A348C8F5C /* Pods-ToDoList.debug.xcconfig */ = {isa = PBXFileReference; includeInIndex = 1; lastKnownFileType = text.xcconfig; name = "Pods-ToDoList.debug.xcconfig"; path = "Target Support Files/Pods-ToDoList/Pods-ToDoList.debug.xcconfig"; sourceTree = "<group>"; };
/* End PBXFileReference section */

/* Begin PBXFrameworksBuildPhase section */
		7046D37722E7176300A4B0ED /* Frameworks */ = {
			isa = PBXFrameworksBuildPhase;
			buildActionMask = 2147483647;
			files = (
				B61317CA81CC2140D3D21D15 /* Pods_ToDoList.framework in Frameworks */,
			);
			runOnlyForDeploymentPostprocessing = 0;
		};
/* End PBXFrameworksBuildPhase section */

/* Begin PBXGroup section */
		01A7C08524A05304A1A3D94B /* Frameworks */ = {
			isa = PBXGroup;
			children = (
				B542482439E6CB7DBEF09373 /* Pods_ToDoList.framework */,
			);
			name = Frameworks;
			sourceTree = "<group>";
		};
		7046D37122E7176300A4B0ED = {
			isa = PBXGroup;
			children = (
				7046D37C22E7176300A4B0ED /* ToDoList */,
				7046D37B22E7176300A4B0ED /* Products */,
				C76D0AA9A97DF7FD5017CB4A /* Pods */,
				01A7C08524A05304A1A3D94B /* Frameworks */,
			);
			sourceTree = "<group>";
		};
		7046D37B22E7176300A4B0ED /* Products */ = {
			isa = PBXGroup;
			children = (
				7046D37A22E7176300A4B0ED /* ToDoList.app */,
			);
			name = Products;
			sourceTree = "<group>";
		};
		7046D37C22E7176300A4B0ED /* ToDoList */ = {
			isa = PBXGroup;
			children = (
				7046D37D22E7176300A4B0ED /* AppDelegate.swift */,
				7046D39322E8982000A4B0ED /* Controllers */,
				7046D39222E897DF00A4B0ED /* Data Model */,
				7046D39422E8983500A4B0ED /* Views */,
				7046D39522E8985A00A4B0ED /* Supporting Files */,
				7046D38922E7176500A4B0ED /* Info.plist */,
			);
			path = ToDoList;
			sourceTree = "<group>";
		};
		7046D39222E897DF00A4B0ED /* Data Model */ = {
			isa = PBXGroup;
			children = (
				707BC14F22F05EBA00FA87FD /* category.swift */,
				707BC14D22F05EAA00FA87FD /* item.swift */,
			);
			path = "Data Model";
			sourceTree = "<group>";
		};
		7046D39322E8982000A4B0ED /* Controllers */ = {
			isa = PBXGroup;
			children = (
				7046D3BA22EB3DD000A4B0ED /* CategoryViewController.swift */,
				7046D37F22E7176300A4B0ED /* ToDoListViewController.swift */,
			);
			path = Controllers;
			sourceTree = "<group>";
		};
		7046D39422E8983500A4B0ED /* Views */ = {
			isa = PBXGroup;
			children = (
				7046D38122E7176300A4B0ED /* Main.storyboard */,
			);
			path = Views;
			sourceTree = "<group>";
		};
		7046D39522E8985A00A4B0ED /* Supporting Files */ = {
			isa = PBXGroup;
			children = (
				7046D38422E7176500A4B0ED /* Assets.xcassets */,
				7046D38622E7176500A4B0ED /* LaunchScreen.storyboard */,
			);
			path = "Supporting Files";
			sourceTree = "<group>";
		};
		C76D0AA9A97DF7FD5017CB4A /* Pods */ = {
			isa = PBXGroup;
			children = (
				E4B1D5497664890A348C8F5C /* Pods-ToDoList.debug.xcconfig */,
				52891EB53A27992C1D97B594 /* Pods-ToDoList.release.xcconfig */,
			);
			path = Pods;
			sourceTree = "<group>";
		};
/* End PBXGroup section */

/* Begin PBXNativeTarget section */
		7046D37922E7176300A4B0ED /* ToDoList */ = {
			isa = PBXNativeTarget;
			buildConfigurationList = 7046D38C22E7176500A4B0ED /* Build configuration list for PBXNativeTarget "ToDoList" */;
			buildPhases = (
				D1B77DA9707271D828A193CA /* [CP] Check Pods Manifest.lock */,
				7046D37622E7176300A4B0ED /* Sources */,
				7046D37722E7176300A4B0ED /* Frameworks */,
				7046D37822E7176300A4B0ED /* Resources */,
				B75F144CB1C23F798A491E52 /* [CP] Embed Pods Frameworks */,
			);
			buildRules = (
			);
			dependencies = (
			);
			name = ToDoList;
			productName = ToDoList;
			productReference = 7046D37A22E7176300A4B0ED /* ToDoList.app */;
			productType = "com.apple.product-type.application";
		};
/* End PBXNativeTarget section */

/* Begin PBXProject section */
		7046D37222E7176300A4B0ED /* Project object */ = {
			isa = PBXProject;
			attributes = {
				LastSwiftUpdateCheck = 1020;
				LastUpgradeCheck = 1020;
				ORGANIZATIONNAME = "Ginny Wan";
				TargetAttributes = {
					7046D37922E7176300A4B0ED = {
						CreatedOnToolsVersion = 10.2.1;
					};
				};
			};
			buildConfigurationList = 7046D37522E7176300A4B0ED /* Build configuration list for PBXProject "ToDoList" */;
			compatibilityVersion = "Xcode 9.3";
			developmentRegion = en;
			hasScannedForEncodings = 0;
			knownRegions = (
				en,
				Base,
			);
			mainGroup = 7046D37122E7176300A4B0ED;
			productRefGroup = 7046D37B22E7176300A4B0ED /* Products */;
			projectDirPath = "";
			projectRoot = "";
			targets = (
				7046D37922E7176300A4B0ED /* ToDoList */,
			);
		};
/* End PBXProject section */

/* Begin PBXResourcesBuildPhase section */
		7046D37822E7176300A4B0ED /* Resources */ = {
			isa = PBXResourcesBuildPhase;
			buildActionMask = 2147483647;
			files = (
				7046D38822E7176500A4B0ED /* LaunchScreen.storyboard in Resources */,
				7046D38522E7176500A4B0ED /* Assets.xcassets in Resources */,
				7046D38322E7176300A4B0ED /* Main.storyboard in Resources */,
			);
			runOnlyForDeploymentPostprocessing = 0;
		};
/* End PBXResourcesBuildPhase section */

/* Begin PBXShellScriptBuildPhase section */
		B75F144CB1C23F798A491E52 /* [CP] Embed Pods Frameworks */ = {
			isa = PBXShellScriptBuildPhase;
			buildActionMask = 2147483647;
			files = (
			);
			inputFileListPaths = (
				"${PODS_ROOT}/Target Support Files/Pods-ToDoList/Pods-ToDoList-frameworks-${CONFIGURATION}-input-files.xcfilelist",
			);
			name = "[CP] Embed Pods Frameworks";
			outputFileListPaths = (
				"${PODS_ROOT}/Target Support Files/Pods-ToDoList/Pods-ToDoList-frameworks-${CONFIGURATION}-output-files.xcfilelist",
			);
			runOnlyForDeploymentPostprocessing = 0;
			shellPath = /bin/sh;
			shellScript = "\"${PODS_ROOT}/Target Support Files/Pods-ToDoList/Pods-ToDoList-frameworks.sh\"\n";
			showEnvVarsInLog = 0;
		};
		D1B77DA9707271D828A193CA /* [CP] Check Pods Manifest.lock */ = {
			isa = PBXShellScriptBuildPhase;
			buildActionMask = 2147483647;
			files = (
			);
			inputFileListPaths = (
			);
			inputPaths = (
				"${PODS_PODFILE_DIR_PATH}/Podfile.lock",
				"${PODS_ROOT}/Manifest.lock",
			);
			name = "[CP] Check Pods Manifest.lock";
			outputFileListPaths = (
			);
			outputPaths = (
				"$(DERIVED_FILE_DIR)/Pods-ToDoList-checkManifestLockResult.txt",
			);
			runOnlyForDeploymentPostprocessing = 0;
			shellPath = /bin/sh;
			shellScript = "diff \"${PODS_PODFILE_DIR_PATH}/Podfile.lock\" \"${PODS_ROOT}/Manifest.lock\" > /dev/null\nif [ $? != 0 ] ; then\n    # print error to STDERR\n    echo \"error: The sandbox is not in sync with the Podfile.lock. Run 'pod install' or update your CocoaPods installation.\" >&2\n    exit 1\nfi\n# This output is used by Xcode 'outputs' to avoid re-running this script phase.\necho \"SUCCESS\" > \"${SCRIPT_OUTPUT_FILE_0}\"\n";
			showEnvVarsInLog = 0;
		};
/* End PBXShellScriptBuildPhase section */

/* Begin PBXSourcesBuildPhase section */
		7046D37622E7176300A4B0ED /* Sources */ = {
			isa = PBXSourcesBuildPhase;
			buildActionMask = 2147483647;
			files = (
				7046D3BB22EB3DD000A4B0ED /* CategoryViewController.swift in Sources */,
				707BC15022F05EBA00FA87FD /* category.swift in Sources */,
				7046D38F22E71B2A00A4B0ED /* ToDoListViewController.swift in Sources */,
				707BC14E22F05EAB00FA87FD /* item.swift in Sources */,
				7046D37E22E7176300A4B0ED /* AppDelegate.swift in Sources */,
			);
			runOnlyForDeploymentPostprocessing = 0;
		};
/* End PBXSourcesBuildPhase section */

/* Begin PBXVariantGroup section */
		7046D38122E7176300A4B0ED /* Main.storyboard */ = {
			isa = PBXVariantGroup;
			children = (
				7046D38222E7176300A4B0ED /* Base */,
			);
			name = Main.storyboard;
			sourceTree = "<group>";
		};
		7046D38622E7176500A4B0ED /* LaunchScreen.storyboard */ = {
			isa = PBXVariantGroup;
			children = (
				7046D38722E7176500A4B0ED /* Base */,
			);
			name = LaunchScreen.storyboard;
			sourceTree = "<group>";
		};
/* End PBXVariantGroup section */

/* Begin XCBuildConfiguration section */
		7046D38A22E7176500A4B0ED /* Debug */ = {
			isa = XCBuildConfiguration;
			buildSettings = {
				ALWAYS_SEARCH_USER_PATHS = NO;
				CLANG_ANALYZER_NONNULL = YES;
				CLANG_ANALYZER_NUMBER_OBJECT_CONVERSION = YES_AGGRESSIVE;
				CLANG_CXX_LANGUAGE_STANDARD = "gnu++14";
				CLANG_CXX_LIBRARY = "libc++";
				CLANG_ENABLE_MODULES = YES;
				CLANG_ENABLE_OBJC_ARC = YES;
				CLANG_ENABLE_OBJC_WEAK = YES;
				CLANG_WARN_BLOCK_CAPTURE_AUTORELEASING = YES;
				CLANG_WARN_BOOL_CONVERSION = YES;
				CLANG_WARN_COMMA = YES;
				CLANG_WARN_CONSTANT_CONVERSION = YES;
				CLANG_WARN_DEPRECATED_OBJC_IMPLEMENTATIONS = YES;
				CLANG_WARN_DIRECT_OBJC_ISA_USAGE = YES_ERROR;
				CLANG_WARN_DOCUMENTATION_COMMENTS = YES;
				CLANG_WARN_EMPTY_BODY = YES;
				CLANG_WARN_ENUM_CONVERSION = YES;
				CLANG_WARN_INFINITE_RECURSION = YES;
				CLANG_WARN_INT_CONVERSION = YES;
				CLANG_WARN_NON_LITERAL_NULL_CONVERSION = YES;
				CLANG_WARN_OBJC_IMPLICIT_RETAIN_SELF = YES;
				CLANG_WARN_OBJC_LITERAL_CONVERSION = YES;
				CLANG_WARN_OBJC_ROOT_CLASS = YES_ERROR;
				CLANG_WARN_RANGE_LOOP_ANALYSIS = YES;
				CLANG_WARN_STRICT_PROTOTYPES = YES;
				CLANG_WARN_SUSPICIOUS_MOVE = YES;
				CLANG_WARN_UNGUARDED_AVAILABILITY = YES_AGGRESSIVE;
				CLANG_WARN_UNREACHABLE_CODE = YES;
				CLANG_WARN__DUPLICATE_METHOD_MATCH = YES;
				CODE_SIGN_IDENTITY = "iPhone Developer";
				COPY_PHASE_STRIP = NO;
				DEBUG_INFORMATION_FORMAT = dwarf;
				ENABLE_STRICT_OBJC_MSGSEND = YES;
				ENABLE_TESTABILITY = YES;
				GCC_C_LANGUAGE_STANDARD = gnu11;
				GCC_DYNAMIC_NO_PIC = NO;
				GCC_NO_COMMON_BLOCKS = YES;
				GCC_OPTIMIZATION_LEVEL = 0;
				GCC_PREPROCESSOR_DEFINITIONS = (
					"DEBUG=1",
					"$(inherited)",
				);
				GCC_WARN_64_TO_32_BIT_CONVERSION = YES;
				GCC_WARN_ABOUT_RETURN_TYPE = YES_ERROR;
				GCC_WARN_UNDECLARED_SELECTOR = YES;
				GCC_WARN_UNINITIALIZED_AUTOS = YES_AGGRESSIVE;
				GCC_WARN_UNUSED_FUNCTION = YES;
				GCC_WARN_UNUSED_VARIABLE = YES;
				IPHONEOS_DEPLOYMENT_TARGET = 12.2;
				MTL_ENABLE_DEBUG_INFO = INCLUDE_SOURCE;
				MTL_FAST_MATH = YES;
				ONLY_ACTIVE_ARCH = YES;
				SDKROOT = iphoneos;
				SWIFT_ACTIVE_COMPILATION_CONDITIONS = DEBUG;
				SWIFT_OPTIMIZATION_LEVEL = "-Onone";
			};
			name = Debug;
		};
		7046D38B22E7176500A4B0ED /* Release */ = {
			isa = XCBuildConfiguration;
			buildSettings = {
				ALWAYS_SEARCH_USER_PATHS = NO;
				CLANG_ANALYZER_NONNULL = YES;
				CLANG_ANALYZER_NUMBER_OBJECT_CONVERSION = YES_AGGRESSIVE;
				CLANG_CXX_LANGUAGE_STANDARD = "gnu++14";
				CLANG_CXX_LIBRARY = "libc++";
				CLANG_ENABLE_MODULES = YES;
				CLANG_ENABLE_OBJC_ARC = YES;
				CLANG_ENABLE_OBJC_WEAK = YES;
				CLANG_WARN_BLOCK_CAPTURE_AUTORELEASING = YES;
				CLANG_WARN_BOOL_CONVERSION = YES;
				CLANG_WARN_COMMA = YES;
				CLANG_WARN_CONSTANT_CONVERSION = YES;
				CLANG_WARN_DEPRECATED_OBJC_IMPLEMENTATIONS = YES;
				CLANG_WARN_DIRECT_OBJC_ISA_USAGE = YES_ERROR;
				CLANG_WARN_DOCUMENTATION_COMMENTS = YES;
				CLANG_WARN_EMPTY_BODY = YES;
				CLANG_WARN_ENUM_CONVERSION = YES;
				CLANG_WARN_INFINITE_RECURSION = YES;
				CLANG_WARN_INT_CONVERSION = YES;
				CLANG_WARN_NON_LITERAL_NULL_CONVERSION = YES;
				CLANG_WARN_OBJC_IMPLICIT_RETAIN_SELF = YES;
				CLANG_WARN_OBJC_LITERAL_CONVERSION = YES;
				CLANG_WARN_OBJC_ROOT_CLASS = YES_ERROR;
				CLANG_WARN_RANGE_LOOP_ANALYSIS = YES;
				CLANG_WARN_STRICT_PROTOTYPES = YES;
				CLANG_WARN_SUSPICIOUS_MOVE = YES;
				CLANG_WARN_UNGUARDED_AVAILABILITY = YES_AGGRESSIVE;
				CLANG_WARN_UNREACHABLE_CODE = YES;
				CLANG_WARN__DUPLICATE_METHOD_MATCH = YES;
				CODE_SIGN_IDENTITY = "iPhone Developer";
				COPY_PHASE_STRIP = NO;
				DEBUG_INFORMATION_FORMAT = "dwarf-with-dsym";
				ENABLE_NS_ASSERTIONS = NO;
				ENABLE_STRICT_OBJC_MSGSEND = YES;
				GCC_C_LANGUAGE_STANDARD = gnu11;
				GCC_NO_COMMON_BLOCKS = YES;
				GCC_WARN_64_TO_32_BIT_CONVERSION = YES;
				GCC_WARN_ABOUT_RETURN_TYPE = YES_ERROR;
				GCC_WARN_UNDECLARED_SELECTOR = YES;
				GCC_WARN_UNINITIALIZED_AUTOS = YES_AGGRESSIVE;
				GCC_WARN_UNUSED_FUNCTION = YES;
				GCC_WARN_UNUSED_VARIABLE = YES;
				IPHONEOS_DEPLOYMENT_TARGET = 12.2;
				MTL_ENABLE_DEBUG_INFO = NO;
				MTL_FAST_MATH = YES;
				SDKROOT = iphoneos;
				SWIFT_COMPILATION_MODE = wholemodule;
				SWIFT_OPTIMIZATION_LEVEL = "-O";
				VALIDATE_PRODUCT = YES;
			};
			name = Release;
		};
		7046D38D22E7176500A4B0ED /* Debug */ = {
			isa = XCBuildConfiguration;
			baseConfigurationReference = E4B1D5497664890A348C8F5C /* Pods-ToDoList.debug.xcconfig */;
			buildSettings = {
				ASSETCATALOG_COMPILER_APPICON_NAME = AppIcon;
				CODE_SIGN_STYLE = Automatic;
				DEVELOPMENT_TEAM = 7LW9535K78;
				INFOPLIST_FILE = ToDoList/Info.plist;
				LD_RUNPATH_SEARCH_PATHS = (
					"$(inherited)",
					"@executable_path/Frameworks",
				);
				PRODUCT_BUNDLE_IDENTIFIER = com.ginnywan.ToDoList;
				PRODUCT_NAME = "$(TARGET_NAME)";
				SWIFT_VERSION = 5.0;
				TARGETED_DEVICE_FAMILY = "1,2";
			};
			name = Debug;
		};
		7046D38E22E7176500A4B0ED /* Release */ = {
			isa = XCBuildConfiguration;
			baseConfigurationReference = 52891EB53A27992C1D97B594 /* Pods-ToDoList.release.xcconfig */;
			buildSettings = {
				ASSETCATALOG_COMPILER_APPICON_NAME = AppIcon;
				CODE_SIGN_STYLE = Automatic;
				DEVELOPMENT_TEAM = 7LW9535K78;
				INFOPLIST_FILE = ToDoList/Info.plist;
				LD_RUNPATH_SEARCH_PATHS = (
					"$(inherited)",
					"@executable_path/Frameworks",
				);
				PRODUCT_BUNDLE_IDENTIFIER = com.ginnywan.ToDoList;
				PRODUCT_NAME = "$(TARGET_NAME)";
				SWIFT_VERSION = 5.0;
				TARGETED_DEVICE_FAMILY = "1,2";
			};
			name = Release;
		};
/* End XCBuildConfiguration section */

/* Begin XCConfigurationList section */
		7046D37522E7176300A4B0ED /* Build configuration list for PBXProject "ToDoList" */ = {
			isa = XCConfigurationList;
			buildConfigurations = (
				7046D38A22E7176500A4B0ED /* Debug */,
				7046D38B22E7176500A4B0ED /* Release */,
			);
			defaultConfigurationIsVisible = 0;
			defaultConfigurationName = Release;
		};
		7046D38C22E7176500A4B0ED /* Build configuration list for PBXNativeTarget "ToDoList" */ = {
			isa = XCConfigurationList;
			buildConfigurations = (
				7046D38D22E7176500A4B0ED /* Debug */,
				7046D38E22E7176500A4B0ED /* Release */,
			);
			defaultConfigurationIsVisible = 0;
			defaultConfigurationName = Release;
		};
/* End XCConfigurationList section */
	};
	rootObject = 7046D37222E7176300A4B0ED /* Project object */;
}
